// !$*UTF8*$!
{
	archiveVersion = 1;
	classes = {
	};
	objectVersion = 46;
	objects = {

/* Begin PBXBuildFile section */
		509E37AE1BC60DF7003F97AD /* AppDelegate.swift in Sources */ = {isa = PBXBuildFile; fileRef = 509E37AD1BC60DF7003F97AD /* AppDelegate.swift */; };
		509E37B01BC60DF7003F97AD /* ViewController.swift in Sources */ = {isa = PBXBuildFile; fileRef = 509E37AF1BC60DF7003F97AD /* ViewController.swift */; };
		509E37B31BC60DF7003F97AD /* Main.storyboard in Resources */ = {isa = PBXBuildFile; fileRef = 509E37B11BC60DF7003F97AD /* Main.storyboard */; };
		509E37B61BC60DF7003F97AD /* Favorite_Places.xcdatamodeld in Sources */ = {isa = PBXBuildFile; fileRef = 509E37B41BC60DF7003F97AD /* Favorite_Places.xcdatamodeld */; };
		509E37B81BC60DF7003F97AD /* Assets.xcassets in Resources */ = {isa = PBXBuildFile; fileRef = 509E37B71BC60DF7003F97AD /* Assets.xcassets */; };
		509E37BB1BC60DF7003F97AD /* LaunchScreen.storyboard in Resources */ = {isa = PBXBuildFile; fileRef = 509E37B91BC60DF7003F97AD /* LaunchScreen.storyboard */; };
		509E37C31BC61089003F97AD /* MapKit.framework in Frameworks */ = {isa = PBXBuildFile; fileRef = 509E37C21BC61089003F97AD /* MapKit.framework */; };
		509E37C61BC616BC003F97AD /* Favorite+CoreDataProperties.swift in Sources */ = {isa = PBXBuildFile; fileRef = 509E37C41BC616BC003F97AD /* Favorite+CoreDataProperties.swift */; settings = {ASSET_TAGS = (); }; };
		509E37C71BC616BC003F97AD /* Favorite.swift in Sources */ = {isa = PBXBuildFile; fileRef = 509E37C51BC616BC003F97AD /* Favorite.swift */; settings = {ASSET_TAGS = (); }; };
		509E37C91BC61768003F97AD /* MapTableViewCell.swift in Sources */ = {isa = PBXBuildFile; fileRef = 509E37C81BC61768003F97AD /* MapTableViewCell.swift */; settings = {ASSET_TAGS = (); }; };
		509E37CB1BC62059003F97AD /* AddFavoriteViewController.swift in Sources */ = {isa = PBXBuildFile; fileRef = 509E37CA1BC62059003F97AD /* AddFavoriteViewController.swift */; settings = {ASSET_TAGS = (); }; };
/* End PBXBuildFile section */

/* Begin PBXFileReference section */
		509E37AA1BC60DF7003F97AD /* Favorite Places.app */ = {isa = PBXFileReference; explicitFileType = wrapper.application; includeInIndex = 0; path = "Favorite Places.app"; sourceTree = BUILT_PRODUCTS_DIR; };
		509E37AD1BC60DF7003F97AD /* AppDelegate.swift */ = {isa = PBXFileReference; lastKnownFileType = sourcecode.swift; path = AppDelegate.swift; sourceTree = "<group>"; };
		509E37AF1BC60DF7003F97AD /* ViewController.swift */ = {isa = PBXFileReference; lastKnownFileType = sourcecode.swift; path = ViewController.swift; sourceTree = "<group>"; };
		509E37B21BC60DF7003F97AD /* Base */ = {isa = PBXFileReference; lastKnownFileType = file.storyboard; name = Base; path = Base.lproj/Main.storyboard; sourceTree = "<group>"; };
		509E37B51BC60DF7003F97AD /* Favorite_Places.xcdatamodel */ = {isa = PBXFileReference; lastKnownFileType = wrapper.xcdatamodel; path = Favorite_Places.xcdatamodel; sourceTree = "<group>"; };
		509E37B71BC60DF7003F97AD /* Assets.xcassets */ = {isa = PBXFileReference; lastKnownFileType = folder.assetcatalog; path = Assets.xcassets; sourceTree = "<group>"; };
		509E37BA1BC60DF7003F97AD /* Base */ = {isa = PBXFileReference; lastKnownFileType = file.storyboard; name = Base; path = Base.lproj/LaunchScreen.storyboard; sourceTree = "<group>"; };
		509E37BC1BC60DF7003F97AD /* Info.plist */ = {isa = PBXFileReference; lastKnownFileType = text.plist.xml; path = Info.plist; sourceTree = "<group>"; };
		509E37C21BC61089003F97AD /* MapKit.framework */ = {isa = PBXFileReference; lastKnownFileType = wrapper.framework; name = MapKit.framework; path = System/Library/Frameworks/MapKit.framework; sourceTree = SDKROOT; };
		509E37C41BC616BC003F97AD /* Favorite+CoreDataProperties.swift */ = {isa = PBXFileReference; fileEncoding = 4; lastKnownFileType = sourcecode.swift; name = "Favorite+CoreDataProperties.swift"; path = "../Favorite+CoreDataProperties.swift"; sourceTree = "<group>"; };
		509E37C51BC616BC003F97AD /* Favorite.swift */ = {isa = PBXFileReference; fileEncoding = 4; lastKnownFileType = sourcecode.swift; name = Favorite.swift; path = ../Favorite.swift; sourceTree = "<group>"; };
		509E37C81BC61768003F97AD /* MapTableViewCell.swift */ = {isa = PBXFileReference; fileEncoding = 4; lastKnownFileType = sourcecode.swift; path = MapTableViewCell.swift; sourceTree = "<group>"; };
		509E37CA1BC62059003F97AD /* AddFavoriteViewController.swift */ = {isa = PBXFileReference; fileEncoding = 4; lastKnownFileType = sourcecode.swift; path = AddFavoriteViewController.swift; sourceTree = "<group>"; };
/* End PBXFileReference section */

/* Begin PBXFrameworksBuildPhase section */
		509E37A71BC60DF7003F97AD /* Frameworks */ = {
			isa = PBXFrameworksBuildPhase;
			buildActionMask = 2147483647;
			files = (
				509E37C31BC61089003F97AD /* MapKit.framework in Frameworks */,
			);
			runOnlyForDeploymentPostprocessing = 0;
		};
/* End PBXFrameworksBuildPhase section */

/* Begin PBXGroup section */
		509E37A11BC60DF7003F97AD = {
			isa = PBXGroup;
			children = (
				509E37C21BC61089003F97AD /* MapKit.framework */,
				509E37AC1BC60DF7003F97AD /* Favorite Places */,
				509E37AB1BC60DF7003F97AD /* Products */,
			);
			sourceTree = "<group>";
		};
		509E37AB1BC60DF7003F97AD /* Products */ = {
			isa = PBXGroup;
			children = (
				509E37AA1BC60DF7003F97AD /* Favorite Places.app */,
			);
			name = Products;
			sourceTree = "<group>";
		};
		509E37AC1BC60DF7003F97AD /* Favorite Places */ = {
			isa = PBXGroup;
			children = (
				509E37AD1BC60DF7003F97AD /* AppDelegate.swift */,
				509E37AF1BC60DF7003F97AD /* ViewController.swift */,
				509E37CA1BC62059003F97AD /* AddFavoriteViewController.swift */,
				509E37C81BC61768003F97AD /* MapTableViewCell.swift */,
				509E37C41BC616BC003F97AD /* Favorite+CoreDataProperties.swift */,
				509E37C51BC616BC003F97AD /* Favorite.swift */,
				509E37B11BC60DF7003F97AD /* Main.storyboard */,
				509E37B71BC60DF7003F97AD /* Assets.xcassets */,
				509E37B91BC60DF7003F97AD /* LaunchScreen.storyboard */,
				509E37BC1BC60DF7003F97AD /* Info.plist */,
				509E37B41BC60DF7003F97AD /* Favorite_Places.xcdatamodeld */,
			);
			path = "Favorite Places";
			sourceTree = "<group>";
		};
/* End PBXGroup section */

/* Begin PBXNativeTarget section */
		509E37A91BC60DF7003F97AD /* Favorite Places */ = {
			isa = PBXNativeTarget;
			buildConfigurationList = 509E37BF1BC60DF7003F97AD /* Build configuration list for PBXNativeTarget "Favorite Places" */;
			buildPhases = (
				509E37A61BC60DF7003F97AD /* Sources */,
				509E37A71BC60DF7003F97AD /* Frameworks */,
				509E37A81BC60DF7003F97AD /* Resources */,
			);
			buildRules = (
			);
			dependencies = (
			);
			name = "Favorite Places";
			productName = "Favorite Places";
			productReference = 509E37AA1BC60DF7003F97AD /* Favorite Places.app */;
			productType = "com.apple.product-type.application";
		};
/* End PBXNativeTarget section */

/* Begin PBXProject section */
		509E37A21BC60DF7003F97AD /* Project object */ = {
			isa = PBXProject;
			attributes = {
				LastUpgradeCheck = 0700;
				ORGANIZATIONNAME = "Юрий Михайлов";
				TargetAttributes = {
					509E37A91BC60DF7003F97AD = {
						CreatedOnToolsVersion = 7.0.1;
						DevelopmentTeam = ME2R73LWW9;
					};
				};
			};
			buildConfigurationList = 509E37A51BC60DF7003F97AD /* Build configuration list for PBXProject "Favorite Places" */;
			compatibilityVersion = "Xcode 3.2";
			developmentRegion = English;
			hasScannedForEncodings = 0;
			knownRegions = (
				en,
				Base,
			);
			mainGroup = 509E37A11BC60DF7003F97AD;
			productRefGroup = 509E37AB1BC60DF7003F97AD /* Products */;
			projectDirPath = "";
			projectRoot = "";
			targets = (
				509E37A91BC60DF7003F97AD /* Favorite Places */,
			);
		};
/* End PBXProject section */

/* Begin PBXResourcesBuildPhase section */
		509E37A81BC60DF7003F97AD /* Resources */ = {
			isa = PBXResourcesBuildPhase;
			buildActionMask = 2147483647;
			files = (
				509E37BB1BC60DF7003F97AD /* LaunchScreen.storyboard in Resources */,
				509E37B81BC60DF7003F97AD /* Assets.xcassets in Resources */,
				509E37B31BC60DF7003F97AD /* Main.storyboard in Resources */,
			);
			runOnlyForDeploymentPostprocessing = 0;
		};
/* End PBXResourcesBuildPhase section */

/* Begin PBXSourcesBuildPhase section */
		509E37A61BC60DF7003F97AD /* Sources */ = {
			isa = PBXSourcesBuildPhase;
			buildActionMask = 2147483647;
			files = (
				509E37C71BC616BC003F97AD /* Favorite.swift in Sources */,
				509E37B01BC60DF7003F97AD /* ViewController.swift in Sources */,
				509E37C91BC61768003F97AD /* MapTableViewCell.swift in Sources */,
				509E37CB1BC62059003F97AD /* AddFavoriteViewController.swift in Sources */,
				509E37C61BC616BC003F97AD /* Favorite+CoreDataProperties.swift in Sources */,
				509E37B61BC60DF7003F97AD /* Favorite_Places.xcdatamodeld in Sources */,
				509E37AE1BC60DF7003F97AD /* AppDelegate.swift in Sources */,
			);
			runOnlyForDeploymentPostprocessing = 0;
		};
/* End PBXSourcesBuildPhase section */

/* Begin PBXVariantGroup section */
		509E37B11BC60DF7003F97AD /* Main.storyboard */ = {
			isa = PBXVariantGroup;
			children = (
				509E37B21BC60DF7003F97AD /* Base */,
			);
			name = Main.storyboard;
			sourceTree = "<group>";
		};
		509E37B91BC60DF7003F97AD /* LaunchScreen.storyboard */ = {
			isa = PBXVariantGroup;
			children = (
				509E37BA1BC60DF7003F97AD /* Base */,
			);
			name = LaunchScreen.storyboard;
			sourceTree = "<group>";
		};
/* End PBXVariantGroup section */

/* Begin XCBuildConfiguration section */
		509E37BD1BC60DF7003F97AD /* Debug */ = {
			isa = XCBuildConfiguration;
			buildSettings = {
				ALWAYS_SEARCH_USER_PATHS = NO;
				CLANG_CXX_LANGUAGE_STANDARD = "gnu++0x";
				CLANG_CXX_LIBRARY = "libc++";
				CLANG_ENABLE_MODULES = YES;
				CLANG_ENABLE_OBJC_ARC = YES;
				CLANG_WARN_BOOL_CONVERSION = YES;
				CLANG_WARN_CONSTANT_CONVERSION = YES;
				CLANG_WARN_DIRECT_OBJC_ISA_USAGE = YES_ERROR;
				CLANG_WARN_EMPTY_BODY = YES;
				CLANG_WARN_ENUM_CONVERSION = YES;
				CLANG_WARN_INT_CONVERSION = YES;
				CLANG_WARN_OBJC_ROOT_CLASS = YES_ERROR;
				CLANG_WARN_UNREACHABLE_CODE = YES;
				CLANG_WARN__DUPLICATE_METHOD_MATCH = YES;
				"CODE_SIGN_IDENTITY[sdk=iphoneos*]" = "iPhone Developer";
				COPY_PHASE_STRIP = NO;
				DEBUG_INFORMATION_FORMAT = dwarf;
				ENABLE_STRICT_OBJC_MSGSEND = YES;
				ENABLE_TESTABILITY = YES;
				GCC_C_LANGUAGE_STANDARD = gnu99;
				GCC_DYNAMIC_NO_PIC = NO;
				GCC_NO_COMMON_BLOCKS = YES;
				GCC_OPTIMIZATION_LEVEL = 0;
				GCC_PREPROCESSOR_DEFINITIONS = (
					"DEBUG=1",
					"$(inherited)",
				);
				GCC_WARN_64_TO_32_BIT_CONVERSION = YES;
				GCC_WARN_ABOUT_RETURN_TYPE = YES_ERROR;
				GCC_WARN_UNDECLARED_SELECTOR = YES;
				GCC_WARN_UNINITIALIZED_AUTOS = YES_AGGRESSIVE;
				GCC_WARN_UNUSED_FUNCTION = YES;
				GCC_WARN_UNUSED_VARIABLE = YES;
				IPHONEOS_DEPLOYMENT_TARGET = 9.0;
				MTL_ENABLE_DEBUG_INFO = YES;
				ONLY_ACTIVE_ARCH = YES;
				SDKROOT = iphoneos;
				SWIFT_OPTIMIZATION_LEVEL = "-Onone";
			};
			name = Debug;
		};
		509E37BE1BC60DF7003F97AD /* Release */ = {
			isa = XCBuildConfiguration;
			buildSettings = {
				ALWAYS_SEARCH_USER_PATHS = NO;
				CLANG_CXX_LANGUAGE_STANDARD = "gnu++0x";
				CLANG_CXX_LIBRARY = "libc++";
				CLANG_ENABLE_MODULES = YES;
				CLANG_ENABLE_OBJC_ARC = YES;
				CLANG_WARN_BOOL_CONVERSION = YES;
				CLANG_WARN_CONSTANT_CONVERSION = YES;
				CLANG_WARN_DIRECT_OBJC_ISA_USAGE = YES_ERROR;
				CLANG_WARN_EMPTY_BODY = YES;
				CLANG_WARN_ENUM_CONVERSION = YES;
				CLANG_WARN_INT_CONVERSION = YES;
				CLANG_WARN_OBJC_ROOT_CLASS = YES_ERROR;
				CLANG_WARN_UNREACHABLE_CODE = YES;
				CLANG_WARN__DUPLICATE_METHOD_MATCH = YES;
				"CODE_SIGN_IDENTITY[sdk=iphoneos*]" = "iPhone Developer";
				COPY_PHASE_STRIP = NO;
				DEBUG_INFORMATION_FORMAT = "dwarf-with-dsym";
				ENABLE_NS_ASSERTIONS = NO;
				ENABLE_STRICT_OBJC_MSGSEND = YES;
				GCC_C_LANGUAGE_STANDARD = gnu99;
				GCC_NO_COMMON_BLOCKS = YES;
				GCC_WARN_64_TO_32_BIT_CONVERSION = YES;
				GCC_WARN_ABOUT_RETURN_TYPE = YES_ERROR;
				GCC_WARN_UNDECLARED_SELECTOR = YES;
				GCC_WARN_UNINITIALIZED_AUTOS = YES_AGGRESSIVE;
				GCC_WARN_UNUSED_FUNCTION = YES;
				GCC_WARN_UNUSED_VARIABLE = YES;
				IPHONEOS_DEPLOYMENT_TARGET = 9.0;
				MTL_ENABLE_DEBUG_INFO = NO;
				SDKROOT = iphoneos;
				VALIDATE_PRODUCT = YES;
			};
			name = Release;
		};
		509E37C01BC60DF7003F97AD /* Debug */ = {
			isa = XCBuildConfiguration;
			buildSettings = {
				ASSETCATALOG_COMPILER_APPICON_NAME = AppIcon;
				INFOPLIST_FILE = "Favorite Places/Info.plist";
				IPHONEOS_DEPLOYMENT_TARGET = 8.0;
				LD_RUNPATH_SEARCH_PATHS = "$(inherited) @executable_path/Frameworks";
				PRODUCT_BUNDLE_IDENTIFIER = "ru.yurijmi.Favorite-Places";
				PRODUCT_NAME = "$(TARGET_NAME)";
			};
			name = Debug;
		};
		509E37C11BC60DF7003F97AD /* Release */ = {
			isa = XCBuildConfiguration;
			buildSettings = {
				ASSETCATALOG_COMPILER_APPICON_NAME = AppIcon;
				INFOPLIST_FILE = "Favorite Places/Info.plist";
				IPHONEOS_DEPLOYMENT_TARGET = 8.0;
				LD_RUNPATH_SEARCH_PATHS = "$(inherited) @executable_path/Frameworks";
				PRODUCT_BUNDLE_IDENTIFIER = "ru.yurijmi.Favorite-Places";
				PRODUCT_NAME = "$(TARGET_NAME)";
			};
			name = Release;
		};
/* End XCBuildConfiguration section */

/* Begin XCConfigurationList section */
		509E37A51BC60DF7003F97AD /* Build configuration list for PBXProject "Favorite Places" */ = {
			isa = XCConfigurationList;
			buildConfigurations = (
				509E37BD1BC60DF7003F97AD /* Debug */,
				509E37BE1BC60DF7003F97AD /* Release */,
			);
			defaultConfigurationIsVisible = 0;
			defaultConfigurationName = Release;
		};
		509E37BF1BC60DF7003F97AD /* Build configuration list for PBXNativeTarget "Favorite Places" */ = {
			isa = XCConfigurationList;
			buildConfigurations = (
				509E37C01BC60DF7003F97AD /* Debug */,
				509E37C11BC60DF7003F97AD /* Release */,
			);
			defaultConfigurationIsVisible = 0;
		};
/* End XCConfigurationList section */

/* Begin XCVersionGroup section */
		509E37B41BC60DF7003F97AD /* Favorite_Places.xcdatamodeld */ = {
			isa = XCVersionGroup;
			children = (
				509E37B51BC60DF7003F97AD /* Favorite_Places.xcdatamodel */,
			);
			currentVersion = 509E37B51BC60DF7003F97AD /* Favorite_Places.xcdatamodel */;
			path = Favorite_Places.xcdatamodeld;
			sourceTree = "<group>";
			versionGroupType = wrapper.xcdatamodel;
		};
/* End XCVersionGroup section */
	};
	rootObject = 509E37A21BC60DF7003F97AD /* Project object */;
}
